// !$*UTF8*$!
{
	archiveVersion = 1;
	classes = {
	};
	objectVersion = 56;
	objects = {

/* Begin PBXBuildFile section */
		BE2AD1BD2B28240700B242D0 /* TemperatureViewModel.swift in Sources */ = {isa = PBXBuildFile; fileRef = BE2AD1BC2B28240700B242D0 /* TemperatureViewModel.swift */; };
		BE2AD1BF2B2824FC00B242D0 /* WeightViewModel.swift in Sources */ = {isa = PBXBuildFile; fileRef = BE2AD1BE2B2824FC00B242D0 /* WeightViewModel.swift */; };
		BE2AD1C12B28273C00B242D0 /* SpeedViewModel.swift in Sources */ = {isa = PBXBuildFile; fileRef = BE2AD1C02B28273C00B242D0 /* SpeedViewModel.swift */; };
		BE2AD1C32B28286D00B242D0 /* VolumeViewModel.swift in Sources */ = {isa = PBXBuildFile; fileRef = BE2AD1C22B28286D00B242D0 /* VolumeViewModel.swift */; };
		BE2AD1C52B282EF700B242D0 /* BackgroundView.swift in Sources */ = {isa = PBXBuildFile; fileRef = BE2AD1C42B282EF700B242D0 /* BackgroundView.swift */; };
		BE44845C2B237E22005C308F /* TemperatureView.swift in Sources */ = {isa = PBXBuildFile; fileRef = BE44845B2B237E22005C308F /* TemperatureView.swift */; };
		BE44845E2B237EAC005C308F /* WeightView.swift in Sources */ = {isa = PBXBuildFile; fileRef = BE44845D2B237EAC005C308F /* WeightView.swift */; };
		BE4484602B237EF6005C308F /* SpeedView.swift in Sources */ = {isa = PBXBuildFile; fileRef = BE44845F2B237EF6005C308F /* SpeedView.swift */; };
		BE4484622B237F16005C308F /* VolumeView.swift in Sources */ = {isa = PBXBuildFile; fileRef = BE4484612B237F16005C308F /* VolumeView.swift */; };
		BE4484682B239F1E005C308F /* BackButtonView.swift in Sources */ = {isa = PBXBuildFile; fileRef = BE4484672B239F1E005C308F /* BackButtonView.swift */; };
		BE62A8DB2B298144005E4DD9 /* TimeViewModel.swift in Sources */ = {isa = PBXBuildFile; fileRef = BE62A8DA2B298144005E4DD9 /* TimeViewModel.swift */; };
		BE62A8DD2B2982F4005E4DD9 /* LengthViewModel.swift in Sources */ = {isa = PBXBuildFile; fileRef = BE62A8DC2B2982F4005E4DD9 /* LengthViewModel.swift */; };
		BE62A8DF2B298307005E4DD9 /* PressureViewModel.swift in Sources */ = {isa = PBXBuildFile; fileRef = BE62A8DE2B298307005E4DD9 /* PressureViewModel.swift */; };
		BE62A8E12B298317005E4DD9 /* AreaViewModel.swift in Sources */ = {isa = PBXBuildFile; fileRef = BE62A8E02B298317005E4DD9 /* AreaViewModel.swift */; };
		BE6DAB622B26F7D4000F031A /* DropView.swift in Sources */ = {isa = PBXBuildFile; fileRef = BE6DAB612B26F7D4000F031A /* DropView.swift */; };
		BEC0CF5B2B2488260080EF37 /* ImageToggleView.swift in Sources */ = {isa = PBXBuildFile; fileRef = BEC0CF5A2B2488260080EF37 /* ImageToggleView.swift */; };
		BEDCFA0A2B232D3E00D8B4B1 /* ConverterApp.swift in Sources */ = {isa = PBXBuildFile; fileRef = BEDCFA092B232D3E00D8B4B1 /* ConverterApp.swift */; };
		BEDCFA0C2B232D3E00D8B4B1 /* WelcomeView.swift in Sources */ = {isa = PBXBuildFile; fileRef = BEDCFA0B2B232D3E00D8B4B1 /* WelcomeView.swift */; };
		BEDCFA0E2B232D4000D8B4B1 /* Assets.xcassets in Resources */ = {isa = PBXBuildFile; fileRef = BEDCFA0D2B232D4000D8B4B1 /* Assets.xcassets */; };
		BEDCFA112B232D4000D8B4B1 /* Preview Assets.xcassets in Resources */ = {isa = PBXBuildFile; fileRef = BEDCFA102B232D4000D8B4B1 /* Preview Assets.xcassets */; };
		BEDCFA1A2B232DFA00D8B4B1 /* HomeView.swift in Sources */ = {isa = PBXBuildFile; fileRef = BEDCFA192B232DFA00D8B4B1 /* HomeView.swift */; };
		BEF650FA2B2882DE002321D5 /* LengthView.swift in Sources */ = {isa = PBXBuildFile; fileRef = BEF650F92B2882DE002321D5 /* LengthView.swift */; };
		BEF650FC2B2882EF002321D5 /* TimeView.swift in Sources */ = {isa = PBXBuildFile; fileRef = BEF650FB2B2882EF002321D5 /* TimeView.swift */; };
		BEF650FE2B288357002321D5 /* PressureView.swift in Sources */ = {isa = PBXBuildFile; fileRef = BEF650FD2B288357002321D5 /* PressureView.swift */; };
		BEF651002B288367002321D5 /* AreaView.swift in Sources */ = {isa = PBXBuildFile; fileRef = BEF650FF2B288367002321D5 /* AreaView.swift */; };
/* End PBXBuildFile section */

/* Begin PBXFileReference section */
		BE2AD1BC2B28240700B242D0 /* TemperatureViewModel.swift */ = {isa = PBXFileReference; lastKnownFileType = sourcecode.swift; path = TemperatureViewModel.swift; sourceTree = "<group>"; };
		BE2AD1BE2B2824FC00B242D0 /* WeightViewModel.swift */ = {isa = PBXFileReference; lastKnownFileType = sourcecode.swift; path = WeightViewModel.swift; sourceTree = "<group>"; };
		BE2AD1C02B28273C00B242D0 /* SpeedViewModel.swift */ = {isa = PBXFileReference; lastKnownFileType = sourcecode.swift; path = SpeedViewModel.swift; sourceTree = "<group>"; };
		BE2AD1C22B28286D00B242D0 /* VolumeViewModel.swift */ = {isa = PBXFileReference; lastKnownFileType = sourcecode.swift; path = VolumeViewModel.swift; sourceTree = "<group>"; };
		BE2AD1C42B282EF700B242D0 /* BackgroundView.swift */ = {isa = PBXFileReference; lastKnownFileType = sourcecode.swift; path = BackgroundView.swift; sourceTree = "<group>"; };
		BE44845B2B237E22005C308F /* TemperatureView.swift */ = {isa = PBXFileReference; lastKnownFileType = sourcecode.swift; path = TemperatureView.swift; sourceTree = "<group>"; };
		BE44845D2B237EAC005C308F /* WeightView.swift */ = {isa = PBXFileReference; lastKnownFileType = sourcecode.swift; path = WeightView.swift; sourceTree = "<group>"; };
		BE44845F2B237EF6005C308F /* SpeedView.swift */ = {isa = PBXFileReference; lastKnownFileType = sourcecode.swift; path = SpeedView.swift; sourceTree = "<group>"; };
		BE4484612B237F16005C308F /* VolumeView.swift */ = {isa = PBXFileReference; lastKnownFileType = sourcecode.swift; path = VolumeView.swift; sourceTree = "<group>"; };
		BE4484672B239F1E005C308F /* BackButtonView.swift */ = {isa = PBXFileReference; lastKnownFileType = sourcecode.swift; path = BackButtonView.swift; sourceTree = "<group>"; };
		BE62A8DA2B298144005E4DD9 /* TimeViewModel.swift */ = {isa = PBXFileReference; lastKnownFileType = sourcecode.swift; path = TimeViewModel.swift; sourceTree = "<group>"; };
		BE62A8DC2B2982F4005E4DD9 /* LengthViewModel.swift */ = {isa = PBXFileReference; lastKnownFileType = sourcecode.swift; path = LengthViewModel.swift; sourceTree = "<group>"; };
		BE62A8DE2B298307005E4DD9 /* PressureViewModel.swift */ = {isa = PBXFileReference; lastKnownFileType = sourcecode.swift; path = PressureViewModel.swift; sourceTree = "<group>"; };
		BE62A8E02B298317005E4DD9 /* AreaViewModel.swift */ = {isa = PBXFileReference; lastKnownFileType = sourcecode.swift; path = AreaViewModel.swift; sourceTree = "<group>"; };
		BE6DAB612B26F7D4000F031A /* DropView.swift */ = {isa = PBXFileReference; lastKnownFileType = sourcecode.swift; path = DropView.swift; sourceTree = "<group>"; };
		BEC0CF5A2B2488260080EF37 /* ImageToggleView.swift */ = {isa = PBXFileReference; lastKnownFileType = sourcecode.swift; path = ImageToggleView.swift; sourceTree = "<group>"; };
		BEDCFA062B232D3E00D8B4B1 /* Converter.app */ = {isa = PBXFileReference; explicitFileType = wrapper.application; includeInIndex = 0; path = Converter.app; sourceTree = BUILT_PRODUCTS_DIR; };
		BEDCFA092B232D3E00D8B4B1 /* ConverterApp.swift */ = {isa = PBXFileReference; lastKnownFileType = sourcecode.swift; path = ConverterApp.swift; sourceTree = "<group>"; };
		BEDCFA0B2B232D3E00D8B4B1 /* WelcomeView.swift */ = {isa = PBXFileReference; lastKnownFileType = sourcecode.swift; path = WelcomeView.swift; sourceTree = "<group>"; };
		BEDCFA0D2B232D4000D8B4B1 /* Assets.xcassets */ = {isa = PBXFileReference; lastKnownFileType = folder.assetcatalog; path = Assets.xcassets; sourceTree = "<group>"; };
		BEDCFA102B232D4000D8B4B1 /* Preview Assets.xcassets */ = {isa = PBXFileReference; lastKnownFileType = folder.assetcatalog; path = "Preview Assets.xcassets"; sourceTree = "<group>"; };
		BEDCFA192B232DFA00D8B4B1 /* HomeView.swift */ = {isa = PBXFileReference; lastKnownFileType = sourcecode.swift; path = HomeView.swift; sourceTree = "<group>"; };
		BEF650F92B2882DE002321D5 /* LengthView.swift */ = {isa = PBXFileReference; lastKnownFileType = sourcecode.swift; path = LengthView.swift; sourceTree = "<group>"; };
		BEF650FB2B2882EF002321D5 /* TimeView.swift */ = {isa = PBXFileReference; lastKnownFileType = sourcecode.swift; path = TimeView.swift; sourceTree = "<group>"; };
		BEF650FD2B288357002321D5 /* PressureView.swift */ = {isa = PBXFileReference; lastKnownFileType = sourcecode.swift; path = PressureView.swift; sourceTree = "<group>"; };
		BEF650FF2B288367002321D5 /* AreaView.swift */ = {isa = PBXFileReference; lastKnownFileType = sourcecode.swift; path = AreaView.swift; sourceTree = "<group>"; };
/* End PBXFileReference section */

/* Begin PBXFrameworksBuildPhase section */
		BEDCFA032B232D3E00D8B4B1 /* Frameworks */ = {
			isa = PBXFrameworksBuildPhase;
			buildActionMask = 2147483647;
			files = (
			);
			runOnlyForDeploymentPostprocessing = 0;
		};
/* End PBXFrameworksBuildPhase section */

/* Begin PBXGroup section */
		BE2AD1B92B28217900B242D0 /* ViewModels */ = {
			isa = PBXGroup;
			children = (
				BE2AD1BC2B28240700B242D0 /* TemperatureViewModel.swift */,
				BE2AD1BE2B2824FC00B242D0 /* WeightViewModel.swift */,
				BE2AD1C02B28273C00B242D0 /* SpeedViewModel.swift */,
				BE2AD1C22B28286D00B242D0 /* VolumeViewModel.swift */,
				BE62A8DA2B298144005E4DD9 /* TimeViewModel.swift */,
				BE62A8DC2B2982F4005E4DD9 /* LengthViewModel.swift */,
				BE62A8DE2B298307005E4DD9 /* PressureViewModel.swift */,
				BE62A8E02B298317005E4DD9 /* AreaViewModel.swift */,
			);
			path = ViewModels;
			sourceTree = "<group>";
		};
		BEDCF9FD2B232D3E00D8B4B1 = {
			isa = PBXGroup;
			children = (
				BEDCFA082B232D3E00D8B4B1 /* Converter */,
				BEDCFA072B232D3E00D8B4B1 /* Products */,
			);
			sourceTree = "<group>";
		};
		BEDCFA072B232D3E00D8B4B1 /* Products */ = {
			isa = PBXGroup;
			children = (
				BEDCFA062B232D3E00D8B4B1 /* Converter.app */,
			);
			name = Products;
			sourceTree = "<group>";
		};
		BEDCFA082B232D3E00D8B4B1 /* Converter */ = {
			isa = PBXGroup;
			children = (
				BEDCFA172B232D5E00D8B4B1 /* ConverterApp */,
				BEDCFA182B232D6900D8B4B1 /* Views */,
				BE2AD1B92B28217900B242D0 /* ViewModels */,
				BEDCFA0D2B232D4000D8B4B1 /* Assets.xcassets */,
				BEDCFA0F2B232D4000D8B4B1 /* Preview Content */,
			);
			path = Converter;
			sourceTree = "<group>";
		};
		BEDCFA0F2B232D4000D8B4B1 /* Preview Content */ = {
			isa = PBXGroup;
			children = (
				BEDCFA102B232D4000D8B4B1 /* Preview Assets.xcassets */,
			);
			path = "Preview Content";
			sourceTree = "<group>";
		};
		BEDCFA172B232D5E00D8B4B1 /* ConverterApp */ = {
			isa = PBXGroup;
			children = (
				BEDCFA092B232D3E00D8B4B1 /* ConverterApp.swift */,
			);
			path = ConverterApp;
			sourceTree = "<group>";
		};
		BEDCFA182B232D6900D8B4B1 /* Views */ = {
			isa = PBXGroup;
			children = (
				BEDCFA0B2B232D3E00D8B4B1 /* WelcomeView.swift */,
				BEDCFA192B232DFA00D8B4B1 /* HomeView.swift */,
				BE44845B2B237E22005C308F /* TemperatureView.swift */,
				BE44845D2B237EAC005C308F /* WeightView.swift */,
				BE44845F2B237EF6005C308F /* SpeedView.swift */,
				BE4484612B237F16005C308F /* VolumeView.swift */,
				BEF650F92B2882DE002321D5 /* LengthView.swift */,
				BEF650FB2B2882EF002321D5 /* TimeView.swift */,
				BEF650FD2B288357002321D5 /* PressureView.swift */,
				BEF650FF2B288367002321D5 /* AreaView.swift */,
				BEC0CF5A2B2488260080EF37 /* ImageToggleView.swift */,
				BE6DAB612B26F7D4000F031A /* DropView.swift */,
				BE2AD1C42B282EF700B242D0 /* BackgroundView.swift */,
				BE4484672B239F1E005C308F /* BackButtonView.swift */,
			);
			path = Views;
			sourceTree = "<group>";
		};
/* End PBXGroup section */

/* Begin PBXNativeTarget section */
		BEDCFA052B232D3E00D8B4B1 /* Converter */ = {
			isa = PBXNativeTarget;
			buildConfigurationList = BEDCFA142B232D4000D8B4B1 /* Build configuration list for PBXNativeTarget "Converter" */;
			buildPhases = (
				BEDCFA022B232D3E00D8B4B1 /* Sources */,
				BEDCFA032B232D3E00D8B4B1 /* Frameworks */,
				BEDCFA042B232D3E00D8B4B1 /* Resources */,
			);
			buildRules = (
			);
			dependencies = (
			);
			name = Converter;
			productName = Converter;
			productReference = BEDCFA062B232D3E00D8B4B1 /* Converter.app */;
			productType = "com.apple.product-type.application";
		};
/* End PBXNativeTarget section */

/* Begin PBXProject section */
		BEDCF9FE2B232D3E00D8B4B1 /* Project object */ = {
			isa = PBXProject;
			attributes = {
				BuildIndependentTargetsInParallel = 1;
				LastSwiftUpdateCheck = 1500;
				LastUpgradeCheck = 1500;
				TargetAttributes = {
					BEDCFA052B232D3E00D8B4B1 = {
						CreatedOnToolsVersion = 15.0.1;
					};
				};
			};
			buildConfigurationList = BEDCFA012B232D3E00D8B4B1 /* Build configuration list for PBXProject "Converter" */;
			compatibilityVersion = "Xcode 14.0";
			developmentRegion = en;
			hasScannedForEncodings = 0;
			knownRegions = (
				en,
				Base,
			);
			mainGroup = BEDCF9FD2B232D3E00D8B4B1;
			productRefGroup = BEDCFA072B232D3E00D8B4B1 /* Products */;
			projectDirPath = "";
			projectRoot = "";
			targets = (
				BEDCFA052B232D3E00D8B4B1 /* Converter */,
			);
		};
/* End PBXProject section */

/* Begin PBXResourcesBuildPhase section */
		BEDCFA042B232D3E00D8B4B1 /* Resources */ = {
			isa = PBXResourcesBuildPhase;
			buildActionMask = 2147483647;
			files = (
				BEDCFA112B232D4000D8B4B1 /* Preview Assets.xcassets in Resources */,
				BEDCFA0E2B232D4000D8B4B1 /* Assets.xcassets in Resources */,
			);
			runOnlyForDeploymentPostprocessing = 0;
		};
/* End PBXResourcesBuildPhase section */

/* Begin PBXSourcesBuildPhase section */
		BEDCFA022B232D3E00D8B4B1 /* Sources */ = {
			isa = PBXSourcesBuildPhase;
			buildActionMask = 2147483647;
			files = (
				BE4484622B237F16005C308F /* VolumeView.swift in Sources */,
				BE44845E2B237EAC005C308F /* WeightView.swift in Sources */,
				BE62A8DB2B298144005E4DD9 /* TimeViewModel.swift in Sources */,
				BEDCFA0C2B232D3E00D8B4B1 /* WelcomeView.swift in Sources */,
				BE62A8E12B298317005E4DD9 /* AreaViewModel.swift in Sources */,
				BE2AD1C52B282EF700B242D0 /* BackgroundView.swift in Sources */,
				BE2AD1C12B28273C00B242D0 /* SpeedViewModel.swift in Sources */,
				BE4484602B237EF6005C308F /* SpeedView.swift in Sources */,
				BEF650FE2B288357002321D5 /* PressureView.swift in Sources */,
				BE2AD1BD2B28240700B242D0 /* TemperatureViewModel.swift in Sources */,
				BE2AD1C32B28286D00B242D0 /* VolumeViewModel.swift in Sources */,
				BEF650FC2B2882EF002321D5 /* TimeView.swift in Sources */,
				BEF650FA2B2882DE002321D5 /* LengthView.swift in Sources */,
				BE4484682B239F1E005C308F /* BackButtonView.swift in Sources */,
				BE44845C2B237E22005C308F /* TemperatureView.swift in Sources */,
				BEF651002B288367002321D5 /* AreaView.swift in Sources */,
				BE62A8DF2B298307005E4DD9 /* PressureViewModel.swift in Sources */,
				BEDCFA1A2B232DFA00D8B4B1 /* HomeView.swift in Sources */,
				BE6DAB622B26F7D4000F031A /* DropView.swift in Sources */,
				BEC0CF5B2B2488260080EF37 /* ImageToggleView.swift in Sources */,
				BEDCFA0A2B232D3E00D8B4B1 /* ConverterApp.swift in Sources */,
				BE62A8DD2B2982F4005E4DD9 /* LengthViewModel.swift in Sources */,
				BE2AD1BF2B2824FC00B242D0 /* WeightViewModel.swift in Sources */,
			);
			runOnlyForDeploymentPostprocessing = 0;
		};
/* End PBXSourcesBuildPhase section */

/* Begin XCBuildConfiguration section */
		BEDCFA122B232D4000D8B4B1 /* Debug */ = {
			isa = XCBuildConfiguration;
			buildSettings = {
				ALWAYS_SEARCH_USER_PATHS = NO;
				ASSETCATALOG_COMPILER_GENERATE_SWIFT_ASSET_SYMBOL_EXTENSIONS = YES;
				CLANG_ANALYZER_NONNULL = YES;
				CLANG_ANALYZER_NUMBER_OBJECT_CONVERSION = YES_AGGRESSIVE;
				CLANG_CXX_LANGUAGE_STANDARD = "gnu++20";
				CLANG_ENABLE_MODULES = YES;
				CLANG_ENABLE_OBJC_ARC = YES;
				CLANG_ENABLE_OBJC_WEAK = YES;
				CLANG_WARN_BLOCK_CAPTURE_AUTORELEASING = YES;
				CLANG_WARN_BOOL_CONVERSION = YES;
				CLANG_WARN_COMMA = YES;
				CLANG_WARN_CONSTANT_CONVERSION = YES;
				CLANG_WARN_DEPRECATED_OBJC_IMPLEMENTATIONS = YES;
				CLANG_WARN_DIRECT_OBJC_ISA_USAGE = YES_ERROR;
				CLANG_WARN_DOCUMENTATION_COMMENTS = YES;
				CLANG_WARN_EMPTY_BODY = YES;
				CLANG_WARN_ENUM_CONVERSION = YES;
				CLANG_WARN_INFINITE_RECURSION = YES;
				CLANG_WARN_INT_CONVERSION = YES;
				CLANG_WARN_NON_LITERAL_NULL_CONVERSION = YES;
				CLANG_WARN_OBJC_IMPLICIT_RETAIN_SELF = YES;
				CLANG_WARN_OBJC_LITERAL_CONVERSION = YES;
				CLANG_WARN_OBJC_ROOT_CLASS = YES_ERROR;
				CLANG_WARN_QUOTED_INCLUDE_IN_FRAMEWORK_HEADER = YES;
				CLANG_WARN_RANGE_LOOP_ANALYSIS = YES;
				CLANG_WARN_STRICT_PROTOTYPES = YES;
				CLANG_WARN_SUSPICIOUS_MOVE = YES;
				CLANG_WARN_UNGUARDED_AVAILABILITY = YES_AGGRESSIVE;
				CLANG_WARN_UNREACHABLE_CODE = YES;
				CLANG_WARN__DUPLICATE_METHOD_MATCH = YES;
				COPY_PHASE_STRIP = NO;
				DEBUG_INFORMATION_FORMAT = dwarf;
				ENABLE_STRICT_OBJC_MSGSEND = YES;
				ENABLE_TESTABILITY = YES;
				ENABLE_USER_SCRIPT_SANDBOXING = YES;
				GCC_C_LANGUAGE_STANDARD = gnu17;
				GCC_DYNAMIC_NO_PIC = NO;
				GCC_NO_COMMON_BLOCKS = YES;
				GCC_OPTIMIZATION_LEVEL = 0;
				GCC_PREPROCESSOR_DEFINITIONS = (
					"DEBUG=1",
					"$(inherited)",
				);
				GCC_WARN_64_TO_32_BIT_CONVERSION = YES;
				GCC_WARN_ABOUT_RETURN_TYPE = YES_ERROR;
				GCC_WARN_UNDECLARED_SELECTOR = YES;
				GCC_WARN_UNINITIALIZED_AUTOS = YES_AGGRESSIVE;
				GCC_WARN_UNUSED_FUNCTION = YES;
				GCC_WARN_UNUSED_VARIABLE = YES;
				IPHONEOS_DEPLOYMENT_TARGET = 17.0;
				LOCALIZATION_PREFERS_STRING_CATALOGS = YES;
				MTL_ENABLE_DEBUG_INFO = INCLUDE_SOURCE;
				MTL_FAST_MATH = YES;
				ONLY_ACTIVE_ARCH = YES;
				SDKROOT = iphoneos;
				SWIFT_ACTIVE_COMPILATION_CONDITIONS = "DEBUG $(inherited)";
				SWIFT_OPTIMIZATION_LEVEL = "-Onone";
			};
			name = Debug;
		};
		BEDCFA132B232D4000D8B4B1 /* Release */ = {
			isa = XCBuildConfiguration;
			buildSettings = {
				ALWAYS_SEARCH_USER_PATHS = NO;
				ASSETCATALOG_COMPILER_GENERATE_SWIFT_ASSET_SYMBOL_EXTENSIONS = YES;
				CLANG_ANALYZER_NONNULL = YES;
				CLANG_ANALYZER_NUMBER_OBJECT_CONVERSION = YES_AGGRESSIVE;
				CLANG_CXX_LANGUAGE_STANDARD = "gnu++20";
				CLANG_ENABLE_MODULES = YES;
				CLANG_ENABLE_OBJC_ARC = YES;
				CLANG_ENABLE_OBJC_WEAK = YES;
				CLANG_WARN_BLOCK_CAPTURE_AUTORELEASING = YES;
				CLANG_WARN_BOOL_CONVERSION = YES;
				CLANG_WARN_COMMA = YES;
				CLANG_WARN_CONSTANT_CONVERSION = YES;
				CLANG_WARN_DEPRECATED_OBJC_IMPLEMENTATIONS = YES;
				CLANG_WARN_DIRECT_OBJC_ISA_USAGE = YES_ERROR;
				CLANG_WARN_DOCUMENTATION_COMMENTS = YES;
				CLANG_WARN_EMPTY_BODY = YES;
				CLANG_WARN_ENUM_CONVERSION = YES;
				CLANG_WARN_INFINITE_RECURSION = YES;
				CLANG_WARN_INT_CONVERSION = YES;
				CLANG_WARN_NON_LITERAL_NULL_CONVERSION = YES;
				CLANG_WARN_OBJC_IMPLICIT_RETAIN_SELF = YES;
				CLANG_WARN_OBJC_LITERAL_CONVERSION = YES;
				CLANG_WARN_OBJC_ROOT_CLASS = YES_ERROR;
				CLANG_WARN_QUOTED_INCLUDE_IN_FRAMEWORK_HEADER = YES;
				CLANG_WARN_RANGE_LOOP_ANALYSIS = YES;
				CLANG_WARN_STRICT_PROTOTYPES = YES;
				CLANG_WARN_SUSPICIOUS_MOVE = YES;
				CLANG_WARN_UNGUARDED_AVAILABILITY = YES_AGGRESSIVE;
				CLANG_WARN_UNREACHABLE_CODE = YES;
				CLANG_WARN__DUPLICATE_METHOD_MATCH = YES;
				COPY_PHASE_STRIP = NO;
				DEBUG_INFORMATION_FORMAT = "dwarf-with-dsym";
				ENABLE_NS_ASSERTIONS = NO;
				ENABLE_STRICT_OBJC_MSGSEND = YES;
				ENABLE_USER_SCRIPT_SANDBOXING = YES;
				GCC_C_LANGUAGE_STANDARD = gnu17;
				GCC_NO_COMMON_BLOCKS = YES;
				GCC_WARN_64_TO_32_BIT_CONVERSION = YES;
				GCC_WARN_ABOUT_RETURN_TYPE = YES_ERROR;
				GCC_WARN_UNDECLARED_SELECTOR = YES;
				GCC_WARN_UNINITIALIZED_AUTOS = YES_AGGRESSIVE;
				GCC_WARN_UNUSED_FUNCTION = YES;
				GCC_WARN_UNUSED_VARIABLE = YES;
				IPHONEOS_DEPLOYMENT_TARGET = 17.0;
				LOCALIZATION_PREFERS_STRING_CATALOGS = YES;
				MTL_ENABLE_DEBUG_INFO = NO;
				MTL_FAST_MATH = YES;
				SDKROOT = iphoneos;
				SWIFT_COMPILATION_MODE = wholemodule;
				VALIDATE_PRODUCT = YES;
			};
			name = Release;
		};
		BEDCFA152B232D4000D8B4B1 /* Debug */ = {
			isa = XCBuildConfiguration;
			buildSettings = {
				ASSETCATALOG_COMPILER_APPICON_NAME = AppIcon;
				ASSETCATALOG_COMPILER_GLOBAL_ACCENT_COLOR_NAME = AccentColor;
				CODE_SIGN_STYLE = Automatic;
				CURRENT_PROJECT_VERSION = 1;
				DEVELOPMENT_ASSET_PATHS = "\"Converter/Preview Content\"";
				DEVELOPMENT_TEAM = "";
				ENABLE_PREVIEWS = YES;
				GENERATE_INFOPLIST_FILE = YES;
				INFOPLIST_KEY_UIApplicationSceneManifest_Generation = YES;
				INFOPLIST_KEY_UIApplicationSupportsIndirectInputEvents = YES;
				INFOPLIST_KEY_UILaunchScreen_Generation = YES;
				INFOPLIST_KEY_UISupportedInterfaceOrientations = "UIInterfaceOrientationPortrait UIInterfaceOrientationPortraitUpsideDown";
				INFOPLIST_KEY_UISupportedInterfaceOrientations_iPad = "UIInterfaceOrientationLandscapeLeft UIInterfaceOrientationLandscapeRight UIInterfaceOrientationPortrait UIInterfaceOrientationPortraitUpsideDown";
				IPHONEOS_DEPLOYMENT_TARGET = 16.0;
				LD_RUNPATH_SEARCH_PATHS = (
					"$(inherited)",
					"@executable_path/Frameworks",
				);
				MARKETING_VERSION = 1.0;
				PRODUCT_BUNDLE_IDENTIFIER = converter.Converter;
				PRODUCT_NAME = "$(TARGET_NAME)";
				SWIFT_EMIT_LOC_STRINGS = YES;
				SWIFT_VERSION = 5.0;
				TARGETED_DEVICE_FAMILY = "1,2";
			};
			name = Debug;
		};
		BEDCFA162B232D4000D8B4B1 /* Release */ = {
			isa = XCBuildConfiguration;
			buildSettings = {
				ASSETCATALOG_COMPILER_APPICON_NAME = AppIcon;
				ASSETCATALOG_COMPILER_GLOBAL_ACCENT_COLOR_NAME = AccentColor;
				CODE_SIGN_STYLE = Automatic;
				CURRENT_PROJECT_VERSION = 1;
				DEVELOPMENT_ASSET_PATHS = "\"Converter/Preview Content\"";
				DEVELOPMENT_TEAM = "";
				ENABLE_PREVIEWS = YES;
				GENERATE_INFOPLIST_FILE = YES;
				INFOPLIST_KEY_UIApplicationSceneManifest_Generation = YES;
				INFOPLIST_KEY_UIApplicationSupportsIndirectInputEvents = YES;
				INFOPLIST_KEY_UILaunchScreen_Generation = YES;
				INFOPLIST_KEY_UISupportedInterfaceOrientations = "UIInterfaceOrientationPortrait UIInterfaceOrientationPortraitUpsideDown";
				INFOPLIST_KEY_UISupportedInterfaceOrientations_iPad = "UIInterfaceOrientationLandscapeLeft UIInterfaceOrientationLandscapeRight UIInterfaceOrientationPortrait UIInterfaceOrientationPortraitUpsideDown";
				IPHONEOS_DEPLOYMENT_TARGET = 16.0;
				LD_RUNPATH_SEARCH_PATHS = (
					"$(inherited)",
					"@executable_path/Frameworks",
				);
				MARKETING_VERSION = 1.0;
				PRODUCT_BUNDLE_IDENTIFIER = converter.Converter;
				PRODUCT_NAME = "$(TARGET_NAME)";
				SWIFT_EMIT_LOC_STRINGS = YES;
				SWIFT_VERSION = 5.0;
				TARGETED_DEVICE_FAMILY = "1,2";
			};
			name = Release;
		};
/* End XCBuildConfiguration section */

/* Begin XCConfigurationList section */
		BEDCFA012B232D3E00D8B4B1 /* Build configuration list for PBXProject "Converter" */ = {
			isa = XCConfigurationList;
			buildConfigurations = (
				BEDCFA122B232D4000D8B4B1 /* Debug */,
				BEDCFA132B232D4000D8B4B1 /* Release */,
			);
			defaultConfigurationIsVisible = 0;
			defaultConfigurationName = Release;
		};
		BEDCFA142B232D4000D8B4B1 /* Build configuration list for PBXNativeTarget "Converter" */ = {
			isa = XCConfigurationList;
			buildConfigurations = (
				BEDCFA152B232D4000D8B4B1 /* Debug */,
				BEDCFA162B232D4000D8B4B1 /* Release */,
			);
			defaultConfigurationIsVisible = 0;
			defaultConfigurationName = Release;
		};
/* End XCConfigurationList section */
	};
	rootObject = BEDCF9FE2B232D3E00D8B4B1 /* Project object */;
}
